# This file is generated by running "yarn install" inside your project.
# Manual changes might be lost - proceed with caution!

__metadata:
  version: 6
  cacheKey: 8

"@graphprotocol/graph-ts@npm:0.26.0":
  version: 0.26.0
  resolution: "@graphprotocol/graph-ts@npm:0.26.0"
  dependencies:
    assemblyscript: 0.19.10
  checksum: 3edb53b0590d67638d0862ee1a8fd4e5157eed8043f82f15a597a9b675839099b346a57aeff4bfe7aabc6999bde4b8d47f1724e5ee09e8db62ac99bd8bd0b97f
  languageName: node
  linkType: hard

"assemblyscript@npm:0.19.10":
  version: 0.19.10
  resolution: "assemblyscript@npm:0.19.10"
  dependencies:
    binaryen: 101.0.0-nightly.20210723
    long: ^4.0.0
  bin:
    asc: bin/asc
    asinit: bin/asinit
  checksum: d4087bcbae402eb0e972a78d8dfee607b2b51f4b29fcee5359f4db3052912ec12492a8714916bed8424f7f495f9357c7c6ab2482ba1d4ea4a44c55a86df5a67c
  languageName: node
  linkType: hard

"binaryen@npm:101.0.0-nightly.20210723":
  version: 101.0.0-nightly.20210723
  resolution: "binaryen@npm:101.0.0-nightly.20210723"
  bin:
    wasm-opt: bin/wasm-opt
  checksum: b1f7cc8e9fb4f1530e9454b5ea6deba17e2d863cea4efc6d0ba1b2af2325e9080c29df0ffeaf9708d455705a629a6a4fbef0ac29ed789a4e316b4c1437879f57
  languageName: node
  linkType: hard

"long@npm:^4.0.0":
  version: 4.0.0
  resolution: "long@npm:4.0.0"
  checksum: 16afbe8f749c7c849db1f4de4e2e6a31ac6e617cead3bdc4f9605cb703cd20e1e9fc1a7baba674ffcca57d660a6e5b53a9e236d7b25a295d3855cca79cc06744
  languageName: node
  linkType: hard

"subgraph@workspace:.":
  version: 0.0.0-use.local
  resolution: "subgraph@workspace:."
  dependencies:
    "@graphprotocol/graph-ts": 0.26.0
  languageName: unknown
  linkType: soft
